
Microsoft Visual Studio Solution File, Format Version 12.00
# Visual Studio Version 16
VisualStudioVersion = 16.0.30804.86
MinimumVisualStudioVersion = 10.0.40219.1
Project("{FAE04EC0-301F-11D3-BF4B-00C04F79EFBC}") = "DelegateTreino1", "DelegateTreino1\DelegateTreino1.csproj", "{31B4C51B-EC27-454C-99C3-42B5BE1F2FDC}"
EndProject
Global
	GlobalSection(SolutionConfigurationPlatforms) = preSolution
		Debug|Any CPU = Debug|Any CPU
		Release|Any CPU = Release|Any CPU
	EndGlobalSection
	GlobalSection(ProjectConfigurationPlatforms) = postSolution
		{31B4C51B-EC27-454C-99C3-42B5BE1F2FDC}.Debug|Any CPU.ActiveCfg = Debug|Any CPU
		{31B4C51B-EC27-454C-99C3-42B5BE1F2FDC}.Debug|Any CPU.Build.0 = Debug|Any CPU
		{31B4C51B-EC27-454C-99C3-42B5BE1F2FDC}.Release|Any CPU.ActiveCfg = Release|Any CPU
		{31B4C51B-EC27-454C-99C3-42B5BE1F2FDC}.Release|Any CPU.Build.0 = Release|Any CPU
	EndGlobalSection
	GlobalSection(SolutionProperties) = preSolution
		HideSolutionNode = FALSE
	EndGlobalSection
	GlobalSection(ExtensibilityGlobals) = postSolution
		SolutionGuid = {3347B48F-B466-42F9-83F2-5E6B89CA0CD1}
	EndGlobalSection
EndGlobal
